// !$*UTF8*$!
{
	archiveVersion = 1;
	classes = {
	};
	objectVersion = 46;
	objects = {

/* Begin PBXBuildFile section */
		294E1B8017E160B900821B7A /* icone_app_120_120.png in Resources */ = {isa = PBXBuildFile; fileRef = 294E1B7F17E160B900821B7A /* icone_app_120_120.png */; };
		294E1B8517E1626700821B7A /* icone_app_29_29.png in Resources */ = {isa = PBXBuildFile; fileRef = 294E1B8117E1626700821B7A /* icone_app_29_29.png */; };
		294E1B8617E1626700821B7A /* icone_app_57_57.png in Resources */ = {isa = PBXBuildFile; fileRef = 294E1B8217E1626700821B7A /* icone_app_57_57.png */; };
		294E1B8717E1626700821B7A /* icone_app_58_58.png in Resources */ = {isa = PBXBuildFile; fileRef = 294E1B8317E1626700821B7A /* icone_app_58_58.png */; };
		294E1B8817E1626700821B7A /* icone_app_80_80.png in Resources */ = {isa = PBXBuildFile; fileRef = 294E1B8417E1626700821B7A /* icone_app_80_80.png */; };
		29A1ED1217C5473E004C7DDB /* CFNetwork.framework in Frameworks */ = {isa = PBXBuildFile; fileRef = 29A1ED1117C5473E004C7DDB /* CFNetwork.framework */; };
		29A1ED1417C55D09004C7DDB /* MobileCoreServices.framework in Frameworks */ = {isa = PBXBuildFile; fileRef = 29A1ED1317C55D09004C7DDB /* MobileCoreServices.framework */; };
		BA05B879175C11CD0048EE61 /* OrgaoPlaceholder.png in Resources */ = {isa = PBXBuildFile; fileRef = BA05B877175C11CD0048EE61 /* OrgaoPlaceholder.png */; };
		BA05B87A175C11CD0048EE61 /* OrgaoPlaceholder@2x.png in Resources */ = {isa = PBXBuildFile; fileRef = BA05B878175C11CD0048EE61 /* OrgaoPlaceholder@2x.png */; };
		BA05B87F175C17F20048EE61 /* reload_button.png in Resources */ = {isa = PBXBuildFile; fileRef = BA05B87D175C17F20048EE61 /* reload_button.png */; };
		BA05B880175C17F20048EE61 /* reload_button@2x.png in Resources */ = {isa = PBXBuildFile; fileRef = BA05B87E175C17F20048EE61 /* reload_button@2x.png */; };
		BA05B883175C340C0048EE61 /* NJKWebViewProgress.m in Sources */ = {isa = PBXBuildFile; fileRef = BA05B882175C340C0048EE61 /* NJKWebViewProgress.m */; settings = {COMPILER_FLAGS = "-fobjc-arc"; }; };
		BA05B886175C38070048EE61 /* customcell_background_middle_.png in Resources */ = {isa = PBXBuildFile; fileRef = BA05B884175C38070048EE61 /* customcell_background_middle_.png */; };
		BA05B887175C38080048EE61 /* customcell_background_middle.png in Resources */ = {isa = PBXBuildFile; fileRef = BA05B885175C38070048EE61 /* customcell_background_middle.png */; };
		BA0B2D1E178302A0004A99A0 /* Icon.png in Resources */ = {isa = PBXBuildFile; fileRef = BA0B2D1D178302A0004A99A0 /* Icon.png */; };
		BA0B2D20178302A4004A99A0 /* Icon@2x.png in Resources */ = {isa = PBXBuildFile; fileRef = BA0B2D1F178302A4004A99A0 /* Icon@2x.png */; };
		BA0B2D22178302AE004A99A0 /* Default.png in Resources */ = {isa = PBXBuildFile; fileRef = BA0B2D21178302AE004A99A0 /* Default.png */; };
		BA0B2D24178302B1004A99A0 /* Default@2x.png in Resources */ = {isa = PBXBuildFile; fileRef = BA0B2D23178302B1004A99A0 /* Default@2x.png */; };
		BA0B2D26178302BD004A99A0 /* Default-568h@2x.png in Resources */ = {isa = PBXBuildFile; fileRef = BA0B2D25178302BD004A99A0 /* Default-568h@2x.png */; };
		BA0B2D2917830309004A99A0 /* topo_app.png in Resources */ = {isa = PBXBuildFile; fileRef = BA0B2D2717830309004A99A0 /* topo_app.png */; };
		BA0B2D2A17830309004A99A0 /* topo_app@2x.png in Resources */ = {isa = PBXBuildFile; fileRef = BA0B2D2817830309004A99A0 /* topo_app@2x.png */; };
		BA1CA14517694EE000444474 /* MMReachabilityViewController.m in Sources */ = {isa = PBXBuildFile; fileRef = BA1CA14117694EE000444474 /* MMReachabilityViewController.m */; };
		BA1CA14617694EE000444474 /* Reachability.m in Sources */ = {isa = PBXBuildFile; fileRef = BA1CA14417694EE000444474 /* Reachability.m */; };
		BA1CA14917694F7E00444474 /* SystemConfiguration.framework in Frameworks */ = {isa = PBXBuildFile; fileRef = BA1CA14817694F7E00444474 /* SystemConfiguration.framework */; };
		BA2DDAAC174D9BB9001F0085 /* OrgaosViewController.m in Sources */ = {isa = PBXBuildFile; fileRef = BA2DDAAA174D9BB9001F0085 /* OrgaosViewController.m */; };
		BA2DDAAD174D9BB9001F0085 /* OrgaosViewController.xib in Resources */ = {isa = PBXBuildFile; fileRef = BA2DDAAB174D9BB9001F0085 /* OrgaosViewController.xib */; };
		BA2DDAC1174DA5E4001F0085 /* ServicosViewController.m in Sources */ = {isa = PBXBuildFile; fileRef = BA2DDABF174DA5E4001F0085 /* ServicosViewController.m */; };
		BA2DDAC2174DA5E4001F0085 /* ServicosViewController.xib in Resources */ = {isa = PBXBuildFile; fileRef = BA2DDAC0174DA5E4001F0085 /* ServicosViewController.xib */; };
		BA2DDAC6174DA600001F0085 /* ServicoViewController.m in Sources */ = {isa = PBXBuildFile; fileRef = BA2DDAC4174DA600001F0085 /* ServicoViewController.m */; };
		BA2DDAC7174DA600001F0085 /* ServicoViewController.xib in Resources */ = {isa = PBXBuildFile; fileRef = BA2DDAC5174DA600001F0085 /* ServicoViewController.xib */; };
		BA2DDADC174DA7A2001F0085 /* AFHTTPClient.m in Sources */ = {isa = PBXBuildFile; fileRef = BA2DDACA174DA7A2001F0085 /* AFHTTPClient.m */; settings = {COMPILER_FLAGS = "-fobjc-arc"; }; };
		BA2DDADD174DA7A2001F0085 /* AFHTTPRequestOperation.m in Sources */ = {isa = PBXBuildFile; fileRef = BA2DDACC174DA7A2001F0085 /* AFHTTPRequestOperation.m */; settings = {COMPILER_FLAGS = "-fobjc-arc"; }; };
		BA2DDADE174DA7A2001F0085 /* AFImageRequestOperation.m in Sources */ = {isa = PBXBuildFile; fileRef = BA2DDACE174DA7A2001F0085 /* AFImageRequestOperation.m */; settings = {COMPILER_FLAGS = "-fobjc-arc"; }; };
		BA2DDADF174DA7A2001F0085 /* AFJSONRequestOperation.m in Sources */ = {isa = PBXBuildFile; fileRef = BA2DDAD0174DA7A2001F0085 /* AFJSONRequestOperation.m */; settings = {COMPILER_FLAGS = "-fobjc-arc"; }; };
		BA2DDAE0174DA7A2001F0085 /* AFNetworkActivityIndicatorManager.m in Sources */ = {isa = PBXBuildFile; fileRef = BA2DDAD2174DA7A2001F0085 /* AFNetworkActivityIndicatorManager.m */; settings = {COMPILER_FLAGS = "-fobjc-arc"; }; };
		BA2DDAE1174DA7A2001F0085 /* AFPropertyListRequestOperation.m in Sources */ = {isa = PBXBuildFile; fileRef = BA2DDAD5174DA7A2001F0085 /* AFPropertyListRequestOperation.m */; settings = {COMPILER_FLAGS = "-fobjc-arc"; }; };
		BA2DDAE2174DA7A2001F0085 /* AFURLConnectionOperation.m in Sources */ = {isa = PBXBuildFile; fileRef = BA2DDAD7174DA7A2001F0085 /* AFURLConnectionOperation.m */; settings = {COMPILER_FLAGS = "-fobjc-arc"; }; };
		BA2DDAE3174DA7A2001F0085 /* AFXMLRequestOperation.m in Sources */ = {isa = PBXBuildFile; fileRef = BA2DDAD9174DA7A2001F0085 /* AFXMLRequestOperation.m */; settings = {COMPILER_FLAGS = "-fobjc-arc"; }; };
		BA2DDAE4174DA7A2001F0085 /* UIImageView+AFNetworking.m in Sources */ = {isa = PBXBuildFile; fileRef = BA2DDADB174DA7A2001F0085 /* UIImageView+AFNetworking.m */; settings = {COMPILER_FLAGS = "-fobjc-arc"; }; };
		BA6FB13F1745C7D9006B7F9A /* UIKit.framework in Frameworks */ = {isa = PBXBuildFile; fileRef = BA6FB13E1745C7D9006B7F9A /* UIKit.framework */; };
		BA6FB1411745C7D9006B7F9A /* Foundation.framework in Frameworks */ = {isa = PBXBuildFile; fileRef = BA6FB1401745C7D9006B7F9A /* Foundation.framework */; };
		BA6FB1431745C7D9006B7F9A /* CoreGraphics.framework in Frameworks */ = {isa = PBXBuildFile; fileRef = BA6FB1421745C7D9006B7F9A /* CoreGraphics.framework */; };
		BA6FB1491745C7D9006B7F9A /* InfoPlist.strings in Resources */ = {isa = PBXBuildFile; fileRef = BA6FB1471745C7D9006B7F9A /* InfoPlist.strings */; };
		BA6FB14B1745C7D9006B7F9A /* main.m in Sources */ = {isa = PBXBuildFile; fileRef = BA6FB14A1745C7D9006B7F9A /* main.m */; };
		BA6FB14F1745C7D9006B7F9A /* VaptVuptAppDelegate.m in Sources */ = {isa = PBXBuildFile; fileRef = BA6FB14E1745C7D9006B7F9A /* VaptVuptAppDelegate.m */; };
		BA6FB1641745C87A006B7F9A /* LoginViewController.m in Sources */ = {isa = PBXBuildFile; fileRef = BA6FB1621745C87A006B7F9A /* LoginViewController.m */; };
		BA6FB1651745C87A006B7F9A /* LoginViewController.xib in Resources */ = {isa = PBXBuildFile; fileRef = BA6FB1631745C87A006B7F9A /* LoginViewController.xib */; };
		BAC37F95175A93CD00076982 /* LocationManager.m in Sources */ = {isa = PBXBuildFile; fileRef = BAC37F94175A93CD00076982 /* LocationManager.m */; };
		BAC37F97175A968200076982 /* CoreLocation.framework in Frameworks */ = {isa = PBXBuildFile; fileRef = BAC37F96175A968200076982 /* CoreLocation.framework */; };
		BAC37F9A175A9CA900076982 /* SLGlowingTextField.m in Sources */ = {isa = PBXBuildFile; fileRef = BAC37F99175A9CA900076982 /* SLGlowingTextField.m */; };
		BAC37F9C175A9DFC00076982 /* QuartzCore.framework in Frameworks */ = {isa = PBXBuildFile; fileRef = BAC37F9B175A9DFC00076982 /* QuartzCore.framework */; };
		BAC37FA0175AC84F00076982 /* SVProgressHUD.bundle in Resources */ = {isa = PBXBuildFile; fileRef = BAC37F9D175AC84F00076982 /* SVProgressHUD.bundle */; };
		BAC37FA1175AC84F00076982 /* SVProgressHUD.m in Sources */ = {isa = PBXBuildFile; fileRef = BAC37F9F175AC84F00076982 /* SVProgressHUD.m */; settings = {COMPILER_FLAGS = "-fobjc-arc"; }; };
		BAFB018C176928D6004685AE /* backgroud_app@2x.png in Resources */ = {isa = PBXBuildFile; fileRef = BAFB017B176928D5004685AE /* backgroud_app@2x.png */; };
		BAFB018D176928D6004685AE /* backround_app.png in Resources */ = {isa = PBXBuildFile; fileRef = BAFB017C176928D5004685AE /* backround_app.png */; };
		BAFB018E176928D6004685AE /* fundo_meio_app.png in Resources */ = {isa = PBXBuildFile; fileRef = BAFB017D176928D5004685AE /* fundo_meio_app.png */; };
		BAFB018F176928D6004685AE /* fundo_meio_app@2x.png in Resources */ = {isa = PBXBuildFile; fileRef = BAFB017E176928D5004685AE /* fundo_meio_app@2x.png */; };
		BAFB0190176928D6004685AE /* img_fundo_btn_g.png in Resources */ = {isa = PBXBuildFile; fileRef = BAFB017F176928D5004685AE /* img_fundo_btn_g.png */; };
		BAFB0191176928D6004685AE /* img_fundo_btn_p.png in Resources */ = {isa = PBXBuildFile; fileRef = BAFB0180176928D5004685AE /* img_fundo_btn_p.png */; };
		BAFB0192176928D6004685AE /* img_fundo_btp_g@2x.png in Resources */ = {isa = PBXBuildFile; fileRef = BAFB0181176928D5004685AE /* img_fundo_btp_g@2x.png */; };
		BAFB0193176928D6004685AE /* img_fundo_btp_p@2x.png in Resources */ = {isa = PBXBuildFile; fileRef = BAFB0182176928D5004685AE /* img_fundo_btp_p@2x.png */; };
		BAFB0194176928D6004685AE /* img_s_icone_app.png in Resources */ = {isa = PBXBuildFile; fileRef = BAFB0183176928D5004685AE /* img_s_icone_app.png */; };
		BAFB0195176928D6004685AE /* img_servico.png in Resources */ = {isa = PBXBuildFile; fileRef = BAFB0184176928D5004685AE /* img_servico.png */; };
		BAFB0196176928D6004685AE /* img_servico@2x.png in Resources */ = {isa = PBXBuildFile; fileRef = BAFB0185176928D5004685AE /* img_servico@2x.png */; };
		BAFB0199176928D6004685AE /* rodape_app.png in Resources */ = {isa = PBXBuildFile; fileRef = BAFB0188176928D5004685AE /* rodape_app.png */; };
		BAFB019A176928D6004685AE /* rodape_app@2x.png in Resources */ = {isa = PBXBuildFile; fileRef = BAFB0189176928D5004685AE /* rodape_app@2x.png */; };
		BAFB01C7176930B5004685AE /* GMGridView.m in Sources */ = {isa = PBXBuildFile; fileRef = BAFB01BD176930B5004685AE /* GMGridView.m */; settings = {COMPILER_FLAGS = "-fobjc-arc"; }; };
		BAFB01C8176930B5004685AE /* GMGridViewCell.m in Sources */ = {isa = PBXBuildFile; fileRef = BAFB01BF176930B5004685AE /* GMGridViewCell.m */; settings = {COMPILER_FLAGS = "-fobjc-arc"; }; };
		BAFB01C9176930B5004685AE /* GMGridViewLayoutStrategies.m in Sources */ = {isa = PBXBuildFile; fileRef = BAFB01C2176930B5004685AE /* GMGridViewLayoutStrategies.m */; settings = {COMPILER_FLAGS = "-fobjc-arc"; }; };
		BAFB01CA176930B5004685AE /* UIGestureRecognizer+GMGridViewAdditions.m in Sources */ = {isa = PBXBuildFile; fileRef = BAFB01C4176930B5004685AE /* UIGestureRecognizer+GMGridViewAdditions.m */; settings = {COMPILER_FLAGS = "-fobjc-arc"; }; };
		BAFB01CB176930B5004685AE /* UIView+GMGridViewAdditions.m in Sources */ = {isa = PBXBuildFile; fileRef = BAFB01C6176930B5004685AE /* UIView+GMGridViewAdditions.m */; settings = {COMPILER_FLAGS = "-fobjc-arc"; }; };
/* End PBXBuildFile section */

/* Begin PBXFileReference section */
		294E1B7F17E160B900821B7A /* icone_app_120_120.png */ = {isa = PBXFileReference; lastKnownFileType = image.png; path = icone_app_120_120.png; sourceTree = "<group>"; };
		294E1B8117E1626700821B7A /* icone_app_29_29.png */ = {isa = PBXFileReference; lastKnownFileType = image.png; path = icone_app_29_29.png; sourceTree = "<group>"; };
		294E1B8217E1626700821B7A /* icone_app_57_57.png */ = {isa = PBXFileReference; lastKnownFileType = image.png; path = icone_app_57_57.png; sourceTree = "<group>"; };
		294E1B8317E1626700821B7A /* icone_app_58_58.png */ = {isa = PBXFileReference; lastKnownFileType = image.png; path = icone_app_58_58.png; sourceTree = "<group>"; };
		294E1B8417E1626700821B7A /* icone_app_80_80.png */ = {isa = PBXFileReference; lastKnownFileType = image.png; path = icone_app_80_80.png; sourceTree = "<group>"; };
		29A1ED1117C5473E004C7DDB /* CFNetwork.framework */ = {isa = PBXFileReference; lastKnownFileType = wrapper.framework; name = CFNetwork.framework; path = System/Library/Frameworks/CFNetwork.framework; sourceTree = SDKROOT; };
		29A1ED1317C55D09004C7DDB /* MobileCoreServices.framework */ = {isa = PBXFileReference; lastKnownFileType = wrapper.framework; name = MobileCoreServices.framework; path = System/Library/Frameworks/MobileCoreServices.framework; sourceTree = SDKROOT; };
		BA05B877175C11CD0048EE61 /* OrgaoPlaceholder.png */ = {isa = PBXFileReference; lastKnownFileType = image.png; path = OrgaoPlaceholder.png; sourceTree = "<group>"; };
		BA05B878175C11CD0048EE61 /* OrgaoPlaceholder@2x.png */ = {isa = PBXFileReference; lastKnownFileType = image.png; path = "OrgaoPlaceholder@2x.png"; sourceTree = "<group>"; };
		BA05B87D175C17F20048EE61 /* reload_button.png */ = {isa = PBXFileReference; lastKnownFileType = image.png; path = reload_button.png; sourceTree = "<group>"; };
		BA05B87E175C17F20048EE61 /* reload_button@2x.png */ = {isa = PBXFileReference; lastKnownFileType = image.png; path = "reload_button@2x.png"; sourceTree = "<group>"; };
		BA05B881175C340C0048EE61 /* NJKWebViewProgress.h */ = {isa = PBXFileReference; fileEncoding = 4; lastKnownFileType = sourcecode.c.h; path = NJKWebViewProgress.h; sourceTree = "<group>"; };
		BA05B882175C340C0048EE61 /* NJKWebViewProgress.m */ = {isa = PBXFileReference; fileEncoding = 4; lastKnownFileType = sourcecode.c.objc; path = NJKWebViewProgress.m; sourceTree = "<group>"; };
		BA05B884175C38070048EE61 /* customcell_background_middle_.png */ = {isa = PBXFileReference; lastKnownFileType = image.png; path = customcell_background_middle_.png; sourceTree = "<group>"; };
		BA05B885175C38070048EE61 /* customcell_background_middle.png */ = {isa = PBXFileReference; lastKnownFileType = image.png; path = customcell_background_middle.png; sourceTree = "<group>"; };
		BA0B2D1D178302A0004A99A0 /* Icon.png */ = {isa = PBXFileReference; lastKnownFileType = image.png; path = Icon.png; sourceTree = "<group>"; };
		BA0B2D1F178302A4004A99A0 /* Icon@2x.png */ = {isa = PBXFileReference; lastKnownFileType = image.png; path = "Icon@2x.png"; sourceTree = "<group>"; };
		BA0B2D21178302AE004A99A0 /* Default.png */ = {isa = PBXFileReference; lastKnownFileType = image.png; name = Default.png; path = ../Default.png; sourceTree = "<group>"; };
		BA0B2D23178302B1004A99A0 /* Default@2x.png */ = {isa = PBXFileReference; lastKnownFileType = image.png; name = "Default@2x.png"; path = "../Default@2x.png"; sourceTree = "<group>"; };
		BA0B2D25178302BD004A99A0 /* Default-568h@2x.png */ = {isa = PBXFileReference; lastKnownFileType = image.png; name = "Default-568h@2x.png"; path = "../Default-568h@2x.png"; sourceTree = "<group>"; };
		BA0B2D2717830309004A99A0 /* topo_app.png */ = {isa = PBXFileReference; lastKnownFileType = image.png; path = topo_app.png; sourceTree = "<group>"; };
		BA0B2D2817830309004A99A0 /* topo_app@2x.png */ = {isa = PBXFileReference; lastKnownFileType = image.png; path = "topo_app@2x.png"; sourceTree = "<group>"; };
		BA1CA14017694EE000444474 /* MMReachabilityViewController.h */ = {isa = PBXFileReference; fileEncoding = 4; lastKnownFileType = sourcecode.c.h; path = MMReachabilityViewController.h; sourceTree = "<group>"; };
		BA1CA14117694EE000444474 /* MMReachabilityViewController.m */ = {isa = PBXFileReference; fileEncoding = 4; lastKnownFileType = sourcecode.c.objc; path = MMReachabilityViewController.m; sourceTree = "<group>"; };
		BA1CA14317694EE000444474 /* Reachability.h */ = {isa = PBXFileReference; fileEncoding = 4; lastKnownFileType = sourcecode.c.h; path = Reachability.h; sourceTree = "<group>"; };
		BA1CA14417694EE000444474 /* Reachability.m */ = {isa = PBXFileReference; fileEncoding = 4; lastKnownFileType = sourcecode.c.objc; path = Reachability.m; sourceTree = "<group>"; };
		BA1CA14817694F7E00444474 /* SystemConfiguration.framework */ = {isa = PBXFileReference; lastKnownFileType = wrapper.framework; name = SystemConfiguration.framework; path = System/Library/Frameworks/SystemConfiguration.framework; sourceTree = SDKROOT; };
		BA2DDAA9174D9BB9001F0085 /* OrgaosViewController.h */ = {isa = PBXFileReference; fileEncoding = 4; lastKnownFileType = sourcecode.c.h; path = OrgaosViewController.h; sourceTree = "<group>"; };
		BA2DDAAA174D9BB9001F0085 /* OrgaosViewController.m */ = {isa = PBXFileReference; fileEncoding = 4; lastKnownFileType = sourcecode.c.objc; path = OrgaosViewController.m; sourceTree = "<group>"; };
		BA2DDAAB174D9BB9001F0085 /* OrgaosViewController.xib */ = {isa = PBXFileReference; fileEncoding = 4; lastKnownFileType = file.xib; path = OrgaosViewController.xib; sourceTree = "<group>"; };
		BA2DDABE174DA5E4001F0085 /* ServicosViewController.h */ = {isa = PBXFileReference; fileEncoding = 4; lastKnownFileType = sourcecode.c.h; path = ServicosViewController.h; sourceTree = "<group>"; };
		BA2DDABF174DA5E4001F0085 /* ServicosViewController.m */ = {isa = PBXFileReference; fileEncoding = 4; lastKnownFileType = sourcecode.c.objc; path = ServicosViewController.m; sourceTree = "<group>"; };
		BA2DDAC0174DA5E4001F0085 /* ServicosViewController.xib */ = {isa = PBXFileReference; fileEncoding = 4; lastKnownFileType = file.xib; path = ServicosViewController.xib; sourceTree = "<group>"; };
		BA2DDAC3174DA600001F0085 /* ServicoViewController.h */ = {isa = PBXFileReference; fileEncoding = 4; lastKnownFileType = sourcecode.c.h; path = ServicoViewController.h; sourceTree = "<group>"; };
		BA2DDAC4174DA600001F0085 /* ServicoViewController.m */ = {isa = PBXFileReference; fileEncoding = 4; lastKnownFileType = sourcecode.c.objc; path = ServicoViewController.m; sourceTree = "<group>"; };
		BA2DDAC5174DA600001F0085 /* ServicoViewController.xib */ = {isa = PBXFileReference; fileEncoding = 4; lastKnownFileType = file.xib; path = ServicoViewController.xib; sourceTree = "<group>"; };
		BA2DDAC9174DA7A2001F0085 /* AFHTTPClient.h */ = {isa = PBXFileReference; fileEncoding = 4; lastKnownFileType = sourcecode.c.h; path = AFHTTPClient.h; sourceTree = "<group>"; };
		BA2DDACA174DA7A2001F0085 /* AFHTTPClient.m */ = {isa = PBXFileReference; fileEncoding = 4; lastKnownFileType = sourcecode.c.objc; path = AFHTTPClient.m; sourceTree = "<group>"; };
		BA2DDACB174DA7A2001F0085 /* AFHTTPRequestOperation.h */ = {isa = PBXFileReference; fileEncoding = 4; lastKnownFileType = sourcecode.c.h; path = AFHTTPRequestOperation.h; sourceTree = "<group>"; };
		BA2DDACC174DA7A2001F0085 /* AFHTTPRequestOperation.m */ = {isa = PBXFileReference; fileEncoding = 4; lastKnownFileType = sourcecode.c.objc; path = AFHTTPRequestOperation.m; sourceTree = "<group>"; };
		BA2DDACD174DA7A2001F0085 /* AFImageRequestOperation.h */ = {isa = PBXFileReference; fileEncoding = 4; lastKnownFileType = sourcecode.c.h; path = AFImageRequestOperation.h; sourceTree = "<group>"; };
		BA2DDACE174DA7A2001F0085 /* AFImageRequestOperation.m */ = {isa = PBXFileReference; fileEncoding = 4; lastKnownFileType = sourcecode.c.objc; path = AFImageRequestOperation.m; sourceTree = "<group>"; };
		BA2DDACF174DA7A2001F0085 /* AFJSONRequestOperation.h */ = {isa = PBXFileReference; fileEncoding = 4; lastKnownFileType = sourcecode.c.h; path = AFJSONRequestOperation.h; sourceTree = "<group>"; };
		BA2DDAD0174DA7A2001F0085 /* AFJSONRequestOperation.m */ = {isa = PBXFileReference; fileEncoding = 4; lastKnownFileType = sourcecode.c.objc; path = AFJSONRequestOperation.m; sourceTree = "<group>"; };
		BA2DDAD1174DA7A2001F0085 /* AFNetworkActivityIndicatorManager.h */ = {isa = PBXFileReference; fileEncoding = 4; lastKnownFileType = sourcecode.c.h; path = AFNetworkActivityIndicatorManager.h; sourceTree = "<group>"; };
		BA2DDAD2174DA7A2001F0085 /* AFNetworkActivityIndicatorManager.m */ = {isa = PBXFileReference; fileEncoding = 4; lastKnownFileType = sourcecode.c.objc; path = AFNetworkActivityIndicatorManager.m; sourceTree = "<group>"; };
		BA2DDAD3174DA7A2001F0085 /* AFNetworking.h */ = {isa = PBXFileReference; fileEncoding = 4; lastKnownFileType = sourcecode.c.h; path = AFNetworking.h; sourceTree = "<group>"; };
		BA2DDAD4174DA7A2001F0085 /* AFPropertyListRequestOperation.h */ = {isa = PBXFileReference; fileEncoding = 4; lastKnownFileType = sourcecode.c.h; path = AFPropertyListRequestOperation.h; sourceTree = "<group>"; };
		BA2DDAD5174DA7A2001F0085 /* AFPropertyListRequestOperation.m */ = {isa = PBXFileReference; fileEncoding = 4; lastKnownFileType = sourcecode.c.objc; path = AFPropertyListRequestOperation.m; sourceTree = "<group>"; };
		BA2DDAD6174DA7A2001F0085 /* AFURLConnectionOperation.h */ = {isa = PBXFileReference; fileEncoding = 4; lastKnownFileType = sourcecode.c.h; path = AFURLConnectionOperation.h; sourceTree = "<group>"; };
		BA2DDAD7174DA7A2001F0085 /* AFURLConnectionOperation.m */ = {isa = PBXFileReference; fileEncoding = 4; lastKnownFileType = sourcecode.c.objc; path = AFURLConnectionOperation.m; sourceTree = "<group>"; };
		BA2DDAD8174DA7A2001F0085 /* AFXMLRequestOperation.h */ = {isa = PBXFileReference; fileEncoding = 4; lastKnownFileType = sourcecode.c.h; path = AFXMLRequestOperation.h; sourceTree = "<group>"; };
		BA2DDAD9174DA7A2001F0085 /* AFXMLRequestOperation.m */ = {isa = PBXFileReference; fileEncoding = 4; lastKnownFileType = sourcecode.c.objc; path = AFXMLRequestOperation.m; sourceTree = "<group>"; };
		BA2DDADA174DA7A2001F0085 /* UIImageView+AFNetworking.h */ = {isa = PBXFileReference; fileEncoding = 4; lastKnownFileType = sourcecode.c.h; path = "UIImageView+AFNetworking.h"; sourceTree = "<group>"; };
		BA2DDADB174DA7A2001F0085 /* UIImageView+AFNetworking.m */ = {isa = PBXFileReference; fileEncoding = 4; lastKnownFileType = sourcecode.c.objc; path = "UIImageView+AFNetworking.m"; sourceTree = "<group>"; };
		BA2DDAE5174DAA14001F0085 /* Global.h */ = {isa = PBXFileReference; fileEncoding = 4; lastKnownFileType = sourcecode.c.h; path = Global.h; sourceTree = "<group>"; };
		BA6FB13B1745C7D9006B7F9A /* VaptVupt.app */ = {isa = PBXFileReference; explicitFileType = wrapper.application; includeInIndex = 0; path = VaptVupt.app; sourceTree = BUILT_PRODUCTS_DIR; };
		BA6FB13E1745C7D9006B7F9A /* UIKit.framework */ = {isa = PBXFileReference; lastKnownFileType = wrapper.framework; name = UIKit.framework; path = System/Library/Frameworks/UIKit.framework; sourceTree = SDKROOT; };
		BA6FB1401745C7D9006B7F9A /* Foundation.framework */ = {isa = PBXFileReference; lastKnownFileType = wrapper.framework; name = Foundation.framework; path = System/Library/Frameworks/Foundation.framework; sourceTree = SDKROOT; };
		BA6FB1421745C7D9006B7F9A /* CoreGraphics.framework */ = {isa = PBXFileReference; lastKnownFileType = wrapper.framework; name = CoreGraphics.framework; path = System/Library/Frameworks/CoreGraphics.framework; sourceTree = SDKROOT; };
		BA6FB1461745C7D9006B7F9A /* VaptVupt-Info.plist */ = {isa = PBXFileReference; lastKnownFileType = text.plist.xml; path = "VaptVupt-Info.plist"; sourceTree = "<group>"; };
		BA6FB1481745C7D9006B7F9A /* en */ = {isa = PBXFileReference; lastKnownFileType = text.plist.strings; name = en; path = en.lproj/InfoPlist.strings; sourceTree = "<group>"; };
		BA6FB14A1745C7D9006B7F9A /* main.m */ = {isa = PBXFileReference; lastKnownFileType = sourcecode.c.objc; path = main.m; sourceTree = "<group>"; };
		BA6FB14C1745C7D9006B7F9A /* VaptVupt-Prefix.pch */ = {isa = PBXFileReference; lastKnownFileType = sourcecode.c.h; path = "VaptVupt-Prefix.pch"; sourceTree = "<group>"; };
		BA6FB14D1745C7D9006B7F9A /* VaptVuptAppDelegate.h */ = {isa = PBXFileReference; lastKnownFileType = sourcecode.c.h; path = VaptVuptAppDelegate.h; sourceTree = "<group>"; };
		BA6FB14E1745C7D9006B7F9A /* VaptVuptAppDelegate.m */ = {isa = PBXFileReference; lastKnownFileType = sourcecode.c.objc; path = VaptVuptAppDelegate.m; sourceTree = "<group>"; };
		BA6FB1611745C87A006B7F9A /* LoginViewController.h */ = {isa = PBXFileReference; fileEncoding = 4; lastKnownFileType = sourcecode.c.h; path = LoginViewController.h; sourceTree = "<group>"; };
		BA6FB1621745C87A006B7F9A /* LoginViewController.m */ = {isa = PBXFileReference; fileEncoding = 4; lastKnownFileType = sourcecode.c.objc; path = LoginViewController.m; sourceTree = "<group>"; };
		BA6FB1631745C87A006B7F9A /* LoginViewController.xib */ = {isa = PBXFileReference; fileEncoding = 4; lastKnownFileType = file.xib; path = LoginViewController.xib; sourceTree = "<group>"; };
		BAC37F93175A93CD00076982 /* LocationManager.h */ = {isa = PBXFileReference; fileEncoding = 4; lastKnownFileType = sourcecode.c.h; path = LocationManager.h; sourceTree = "<group>"; };
		BAC37F94175A93CD00076982 /* LocationManager.m */ = {isa = PBXFileReference; fileEncoding = 4; lastKnownFileType = sourcecode.c.objc; path = LocationManager.m; sourceTree = "<group>"; };
		BAC37F96175A968200076982 /* CoreLocation.framework */ = {isa = PBXFileReference; lastKnownFileType = wrapper.framework; name = CoreLocation.framework; path = System/Library/Frameworks/CoreLocation.framework; sourceTree = SDKROOT; };
		BAC37F98175A9CA900076982 /* SLGlowingTextField.h */ = {isa = PBXFileReference; fileEncoding = 4; lastKnownFileType = sourcecode.c.h; path = SLGlowingTextField.h; sourceTree = "<group>"; };
		BAC37F99175A9CA900076982 /* SLGlowingTextField.m */ = {isa = PBXFileReference; fileEncoding = 4; lastKnownFileType = sourcecode.c.objc; path = SLGlowingTextField.m; sourceTree = "<group>"; };
		BAC37F9B175A9DFC00076982 /* QuartzCore.framework */ = {isa = PBXFileReference; lastKnownFileType = wrapper.framework; name = QuartzCore.framework; path = System/Library/Frameworks/QuartzCore.framework; sourceTree = SDKROOT; };
		BAC37F9D175AC84F00076982 /* SVProgressHUD.bundle */ = {isa = PBXFileReference; lastKnownFileType = "wrapper.plug-in"; path = SVProgressHUD.bundle; sourceTree = "<group>"; };
		BAC37F9E175AC84F00076982 /* SVProgressHUD.h */ = {isa = PBXFileReference; fileEncoding = 4; lastKnownFileType = sourcecode.c.h; path = SVProgressHUD.h; sourceTree = "<group>"; };
		BAC37F9F175AC84F00076982 /* SVProgressHUD.m */ = {isa = PBXFileReference; fileEncoding = 4; lastKnownFileType = sourcecode.c.objc; path = SVProgressHUD.m; sourceTree = "<group>"; };
		BAFB017B176928D5004685AE /* backgroud_app@2x.png */ = {isa = PBXFileReference; lastKnownFileType = image.png; path = "backgroud_app@2x.png"; sourceTree = "<group>"; };
		BAFB017C176928D5004685AE /* backround_app.png */ = {isa = PBXFileReference; lastKnownFileType = image.png; path = backround_app.png; sourceTree = "<group>"; };
		BAFB017D176928D5004685AE /* fundo_meio_app.png */ = {isa = PBXFileReference; lastKnownFileType = image.png; path = fundo_meio_app.png; sourceTree = "<group>"; };
		BAFB017E176928D5004685AE /* fundo_meio_app@2x.png */ = {isa = PBXFileReference; lastKnownFileType = image.png; path = "fundo_meio_app@2x.png"; sourceTree = "<group>"; };
		BAFB017F176928D5004685AE /* img_fundo_btn_g.png */ = {isa = PBXFileReference; lastKnownFileType = image.png; path = img_fundo_btn_g.png; sourceTree = "<group>"; };
		BAFB0180176928D5004685AE /* img_fundo_btn_p.png */ = {isa = PBXFileReference; lastKnownFileType = image.png; path = img_fundo_btn_p.png; sourceTree = "<group>"; };
		BAFB0181176928D5004685AE /* img_fundo_btp_g@2x.png */ = {isa = PBXFileReference; lastKnownFileType = image.png; path = "img_fundo_btp_g@2x.png"; sourceTree = "<group>"; };
		BAFB0182176928D5004685AE /* img_fundo_btp_p@2x.png */ = {isa = PBXFileReference; lastKnownFileType = image.png; path = "img_fundo_btp_p@2x.png"; sourceTree = "<group>"; };
		BAFB0183176928D5004685AE /* img_s_icone_app.png */ = {isa = PBXFileReference; lastKnownFileType = image.png; path = img_s_icone_app.png; sourceTree = "<group>"; };
		BAFB0184176928D5004685AE /* img_servico.png */ = {isa = PBXFileReference; lastKnownFileType = image.png; path = img_servico.png; sourceTree = "<group>"; };
		BAFB0185176928D5004685AE /* img_servico@2x.png */ = {isa = PBXFileReference; lastKnownFileType = image.png; path = "img_servico@2x.png"; sourceTree = "<group>"; };
		BAFB0188176928D5004685AE /* rodape_app.png */ = {isa = PBXFileReference; lastKnownFileType = image.png; path = rodape_app.png; sourceTree = "<group>"; };
		BAFB0189176928D5004685AE /* rodape_app@2x.png */ = {isa = PBXFileReference; lastKnownFileType = image.png; path = "rodape_app@2x.png"; sourceTree = "<group>"; };
		BAFB01BB176930B5004685AE /* GMGridView-Constants.h */ = {isa = PBXFileReference; fileEncoding = 4; lastKnownFileType = sourcecode.c.h; path = "GMGridView-Constants.h"; sourceTree = "<group>"; };
		BAFB01BC176930B5004685AE /* GMGridView.h */ = {isa = PBXFileReference; fileEncoding = 4; lastKnownFileType = sourcecode.c.h; path = GMGridView.h; sourceTree = "<group>"; };
		BAFB01BD176930B5004685AE /* GMGridView.m */ = {isa = PBXFileReference; fileEncoding = 4; lastKnownFileType = sourcecode.c.objc; path = GMGridView.m; sourceTree = "<group>"; };
		BAFB01BE176930B5004685AE /* GMGridViewCell.h */ = {isa = PBXFileReference; fileEncoding = 4; lastKnownFileType = sourcecode.c.h; path = GMGridViewCell.h; sourceTree = "<group>"; };
		BAFB01BF176930B5004685AE /* GMGridViewCell.m */ = {isa = PBXFileReference; fileEncoding = 4; lastKnownFileType = sourcecode.c.objc; path = GMGridViewCell.m; sourceTree = "<group>"; };
		BAFB01C0176930B5004685AE /* GMGridViewCell+Extended.h */ = {isa = PBXFileReference; fileEncoding = 4; lastKnownFileType = sourcecode.c.h; path = "GMGridViewCell+Extended.h"; sourceTree = "<group>"; };
		BAFB01C1176930B5004685AE /* GMGridViewLayoutStrategies.h */ = {isa = PBXFileReference; fileEncoding = 4; lastKnownFileType = sourcecode.c.h; path = GMGridViewLayoutStrategies.h; sourceTree = "<group>"; };
		BAFB01C2176930B5004685AE /* GMGridViewLayoutStrategies.m */ = {isa = PBXFileReference; fileEncoding = 4; lastKnownFileType = sourcecode.c.objc; path = GMGridViewLayoutStrategies.m; sourceTree = "<group>"; };
		BAFB01C3176930B5004685AE /* UIGestureRecognizer+GMGridViewAdditions.h */ = {isa = PBXFileReference; fileEncoding = 4; lastKnownFileType = sourcecode.c.h; path = "UIGestureRecognizer+GMGridViewAdditions.h"; sourceTree = "<group>"; };
		BAFB01C4176930B5004685AE /* UIGestureRecognizer+GMGridViewAdditions.m */ = {isa = PBXFileReference; fileEncoding = 4; lastKnownFileType = sourcecode.c.objc; path = "UIGestureRecognizer+GMGridViewAdditions.m"; sourceTree = "<group>"; };
		BAFB01C5176930B5004685AE /* UIView+GMGridViewAdditions.h */ = {isa = PBXFileReference; fileEncoding = 4; lastKnownFileType = sourcecode.c.h; path = "UIView+GMGridViewAdditions.h"; sourceTree = "<group>"; };
		BAFB01C6176930B5004685AE /* UIView+GMGridViewAdditions.m */ = {isa = PBXFileReference; fileEncoding = 4; lastKnownFileType = sourcecode.c.objc; path = "UIView+GMGridViewAdditions.m"; sourceTree = "<group>"; };
/* End PBXFileReference section */

/* Begin PBXFrameworksBuildPhase section */
		BA6FB1381745C7D9006B7F9A /* Frameworks */ = {
			isa = PBXFrameworksBuildPhase;
			buildActionMask = 2147483647;
			files = (
				29A1ED1417C55D09004C7DDB /* MobileCoreServices.framework in Frameworks */,
				29A1ED1217C5473E004C7DDB /* CFNetwork.framework in Frameworks */,
				BA1CA14917694F7E00444474 /* SystemConfiguration.framework in Frameworks */,
				BAC37F9C175A9DFC00076982 /* QuartzCore.framework in Frameworks */,
				BAC37F97175A968200076982 /* CoreLocation.framework in Frameworks */,
				BA6FB13F1745C7D9006B7F9A /* UIKit.framework in Frameworks */,
				BA6FB1411745C7D9006B7F9A /* Foundation.framework in Frameworks */,
				BA6FB1431745C7D9006B7F9A /* CoreGraphics.framework in Frameworks */,
			);
			runOnlyForDeploymentPostprocessing = 0;
		};
/* End PBXFrameworksBuildPhase section */

/* Begin PBXGroup section */
		BA05B87B175C12230048EE61 /* SVProgressHUD */ = {
			isa = PBXGroup;
			children = (
				BAC37F9D175AC84F00076982 /* SVProgressHUD.bundle */,
				BAC37F9E175AC84F00076982 /* SVProgressHUD.h */,
				BAC37F9F175AC84F00076982 /* SVProgressHUD.m */,
			);
			name = SVProgressHUD;
			sourceTree = "<group>";
		};
		BA05B87C175C122F0048EE61 /* SLGlowingTextField */ = {
			isa = PBXGroup;
			children = (
				BAC37F98175A9CA900076982 /* SLGlowingTextField.h */,
				BAC37F99175A9CA900076982 /* SLGlowingTextField.m */,
			);
			name = SLGlowingTextField;
			sourceTree = "<group>";
		};
		BA1CA14217694EE000444474 /* Reachability */ = {
			isa = PBXGroup;
			children = (
				BA1CA14317694EE000444474 /* Reachability.h */,
				BA1CA14417694EE000444474 /* Reachability.m */,
			);
			path = Reachability;
			sourceTree = "<group>";
		};
		BA1CA14717694EE900444474 /* MMReachabilityViewController */ = {
			isa = PBXGroup;
			children = (
				BA1CA14017694EE000444474 /* MMReachabilityViewController.h */,
				BA1CA14117694EE000444474 /* MMReachabilityViewController.m */,
			);
			name = MMReachabilityViewController;
			sourceTree = "<group>";
		};
		BA2DDAAE174D9FEC001F0085 /* Resources */ = {
			isa = PBXGroup;
			children = (
				294E1B8117E1626700821B7A /* icone_app_29_29.png */,
				294E1B8217E1626700821B7A /* icone_app_57_57.png */,
				294E1B8317E1626700821B7A /* icone_app_58_58.png */,
				294E1B8417E1626700821B7A /* icone_app_80_80.png */,
				294E1B7F17E160B900821B7A /* icone_app_120_120.png */,
				BA0B2D1F178302A4004A99A0 /* Icon@2x.png */,
				BA0B2D1D178302A0004A99A0 /* Icon.png */,
				BAFB017B176928D5004685AE /* backgroud_app@2x.png */,
				BAFB017C176928D5004685AE /* backround_app.png */,
				BAFB017D176928D5004685AE /* fundo_meio_app.png */,
				BAFB017E176928D5004685AE /* fundo_meio_app@2x.png */,
				BAFB017F176928D5004685AE /* img_fundo_btn_g.png */,
				BAFB0180176928D5004685AE /* img_fundo_btn_p.png */,
				BAFB0181176928D5004685AE /* img_fundo_btp_g@2x.png */,
				BAFB0182176928D5004685AE /* img_fundo_btp_p@2x.png */,
				BAFB0183176928D5004685AE /* img_s_icone_app.png */,
				BAFB0184176928D5004685AE /* img_servico.png */,
				BAFB0185176928D5004685AE /* img_servico@2x.png */,
				BAFB0188176928D5004685AE /* rodape_app.png */,
				BAFB0189176928D5004685AE /* rodape_app@2x.png */,
				BA0B2D2717830309004A99A0 /* topo_app.png */,
				BA0B2D2817830309004A99A0 /* topo_app@2x.png */,
				BA05B884175C38070048EE61 /* customcell_background_middle_.png */,
				BA05B885175C38070048EE61 /* customcell_background_middle.png */,
				BA05B87D175C17F20048EE61 /* reload_button.png */,
				BA05B87E175C17F20048EE61 /* reload_button@2x.png */,
				BA05B877175C11CD0048EE61 /* OrgaoPlaceholder.png */,
				BA05B878175C11CD0048EE61 /* OrgaoPlaceholder@2x.png */,
			);
			name = Resources;
			sourceTree = "<group>";
		};
		BA2DDAB9174DA24C001F0085 /* AppDelegate */ = {
			isa = PBXGroup;
			children = (
				BA6FB14D1745C7D9006B7F9A /* VaptVuptAppDelegate.h */,
				BA6FB14E1745C7D9006B7F9A /* VaptVuptAppDelegate.m */,
			);
			name = AppDelegate;
			sourceTree = "<group>";
		};
		BA2DDABA174DA254001F0085 /* Models */ = {
			isa = PBXGroup;
			children = (
				BAC37F93175A93CD00076982 /* LocationManager.h */,
				BAC37F94175A93CD00076982 /* LocationManager.m */,
			);
			name = Models;
			sourceTree = "<group>";
		};
		BA2DDABB174DA25C001F0085 /* Views */ = {
			isa = PBXGroup;
			children = (
				BA6FB1631745C87A006B7F9A /* LoginViewController.xib */,
				BA2DDAAB174D9BB9001F0085 /* OrgaosViewController.xib */,
				BA2DDAC0174DA5E4001F0085 /* ServicosViewController.xib */,
				BA2DDAC5174DA600001F0085 /* ServicoViewController.xib */,
			);
			name = Views;
			sourceTree = "<group>";
		};
		BA2DDABC174DA265001F0085 /* Controllers */ = {
			isa = PBXGroup;
			children = (
				BA6FB1611745C87A006B7F9A /* LoginViewController.h */,
				BA6FB1621745C87A006B7F9A /* LoginViewController.m */,
				BA2DDAA9174D9BB9001F0085 /* OrgaosViewController.h */,
				BA2DDAAA174D9BB9001F0085 /* OrgaosViewController.m */,
				BA2DDABE174DA5E4001F0085 /* ServicosViewController.h */,
				BA2DDABF174DA5E4001F0085 /* ServicosViewController.m */,
				BA2DDAC3174DA600001F0085 /* ServicoViewController.h */,
				BA2DDAC4174DA600001F0085 /* ServicoViewController.m */,
			);
			name = Controllers;
			sourceTree = "<group>";
		};
		BA2DDABD174DA29E001F0085 /* Third-Party */ = {
			isa = PBXGroup;
			children = (
				BA1CA14717694EE900444474 /* MMReachabilityViewController */,
				BA1CA14217694EE000444474 /* Reachability */,
				BAFB01CC176930C8004685AE /* GMGridView */,
				BA64AB33176100B3000AE2A5 /* NJKWebViewProgress */,
				BA05B87B175C12230048EE61 /* SVProgressHUD */,
				BA05B87C175C122F0048EE61 /* SLGlowingTextField */,
				BA2DDAC8174DA7A2001F0085 /* AFNetworking */,
			);
			name = "Third-Party";
			sourceTree = "<group>";
		};
		BA2DDAC8174DA7A2001F0085 /* AFNetworking */ = {
			isa = PBXGroup;
			children = (
				BA2DDAC9174DA7A2001F0085 /* AFHTTPClient.h */,
				BA2DDACA174DA7A2001F0085 /* AFHTTPClient.m */,
				BA2DDACB174DA7A2001F0085 /* AFHTTPRequestOperation.h */,
				BA2DDACC174DA7A2001F0085 /* AFHTTPRequestOperation.m */,
				BA2DDACD174DA7A2001F0085 /* AFImageRequestOperation.h */,
				BA2DDACE174DA7A2001F0085 /* AFImageRequestOperation.m */,
				BA2DDACF174DA7A2001F0085 /* AFJSONRequestOperation.h */,
				BA2DDAD0174DA7A2001F0085 /* AFJSONRequestOperation.m */,
				BA2DDAD1174DA7A2001F0085 /* AFNetworkActivityIndicatorManager.h */,
				BA2DDAD2174DA7A2001F0085 /* AFNetworkActivityIndicatorManager.m */,
				BA2DDAD3174DA7A2001F0085 /* AFNetworking.h */,
				BA2DDAD4174DA7A2001F0085 /* AFPropertyListRequestOperation.h */,
				BA2DDAD5174DA7A2001F0085 /* AFPropertyListRequestOperation.m */,
				BA2DDAD6174DA7A2001F0085 /* AFURLConnectionOperation.h */,
				BA2DDAD7174DA7A2001F0085 /* AFURLConnectionOperation.m */,
				BA2DDAD8174DA7A2001F0085 /* AFXMLRequestOperation.h */,
				BA2DDAD9174DA7A2001F0085 /* AFXMLRequestOperation.m */,
				BA2DDADA174DA7A2001F0085 /* UIImageView+AFNetworking.h */,
				BA2DDADB174DA7A2001F0085 /* UIImageView+AFNetworking.m */,
			);
			path = AFNetworking;
			sourceTree = "<group>";
		};
		BA64AB33176100B3000AE2A5 /* NJKWebViewProgress */ = {
			isa = PBXGroup;
			children = (
				BA05B881175C340C0048EE61 /* NJKWebViewProgress.h */,
				BA05B882175C340C0048EE61 /* NJKWebViewProgress.m */,
			);
			name = NJKWebViewProgress;
			sourceTree = "<group>";
		};
		BA6FB1321745C7D8006B7F9A = {
			isa = PBXGroup;
			children = (
				29A1ED1317C55D09004C7DDB /* MobileCoreServices.framework */,
				29A1ED1117C5473E004C7DDB /* CFNetwork.framework */,
				BA6FB1441745C7D9006B7F9A /* VaptVupt */,
				BA2DDABD174DA29E001F0085 /* Third-Party */,
				BA2DDAAE174D9FEC001F0085 /* Resources */,
				BA6FB13D1745C7D9006B7F9A /* Frameworks */,
				BA6FB13C1745C7D9006B7F9A /* Products */,
			);
			sourceTree = "<group>";
		};
		BA6FB13C1745C7D9006B7F9A /* Products */ = {
			isa = PBXGroup;
			children = (
				BA6FB13B1745C7D9006B7F9A /* VaptVupt.app */,
			);
			name = Products;
			sourceTree = "<group>";
		};
		BA6FB13D1745C7D9006B7F9A /* Frameworks */ = {
			isa = PBXGroup;
			children = (
				BA1CA14817694F7E00444474 /* SystemConfiguration.framework */,
				BAC37F9B175A9DFC00076982 /* QuartzCore.framework */,
				BAC37F96175A968200076982 /* CoreLocation.framework */,
				BA6FB13E1745C7D9006B7F9A /* UIKit.framework */,
				BA6FB1401745C7D9006B7F9A /* Foundation.framework */,
				BA6FB1421745C7D9006B7F9A /* CoreGraphics.framework */,
			);
			name = Frameworks;
			sourceTree = "<group>";
		};
		BA6FB1441745C7D9006B7F9A /* VaptVupt */ = {
			isa = PBXGroup;
			children = (
				BA2DDABA174DA254001F0085 /* Models */,
				BA2DDABB174DA25C001F0085 /* Views */,
				BA2DDABC174DA265001F0085 /* Controllers */,
				BA2DDAB9174DA24C001F0085 /* AppDelegate */,
				BA6FB1451745C7D9006B7F9A /* Supporting Files */,
				BA2DDAE5174DAA14001F0085 /* Global.h */,
			);
			path = VaptVupt;
			sourceTree = "<group>";
		};
		BA6FB1451745C7D9006B7F9A /* Supporting Files */ = {
			isa = PBXGroup;
			children = (
				BA0B2D25178302BD004A99A0 /* Default-568h@2x.png */,
				BA0B2D23178302B1004A99A0 /* Default@2x.png */,
				BA0B2D21178302AE004A99A0 /* Default.png */,
				BA6FB1461745C7D9006B7F9A /* VaptVupt-Info.plist */,
				BA6FB1471745C7D9006B7F9A /* InfoPlist.strings */,
				BA6FB14A1745C7D9006B7F9A /* main.m */,
				BA6FB14C1745C7D9006B7F9A /* VaptVupt-Prefix.pch */,
			);
			name = "Supporting Files";
			sourceTree = "<group>";
		};
		BAFB01CC176930C8004685AE /* GMGridView */ = {
			isa = PBXGroup;
			children = (
				BAFB01BB176930B5004685AE /* GMGridView-Constants.h */,
				BAFB01BC176930B5004685AE /* GMGridView.h */,
				BAFB01BD176930B5004685AE /* GMGridView.m */,
				BAFB01BE176930B5004685AE /* GMGridViewCell.h */,
				BAFB01BF176930B5004685AE /* GMGridViewCell.m */,
				BAFB01C0176930B5004685AE /* GMGridViewCell+Extended.h */,
				BAFB01C1176930B5004685AE /* GMGridViewLayoutStrategies.h */,
				BAFB01C2176930B5004685AE /* GMGridViewLayoutStrategies.m */,
				BAFB01C3176930B5004685AE /* UIGestureRecognizer+GMGridViewAdditions.h */,
				BAFB01C4176930B5004685AE /* UIGestureRecognizer+GMGridViewAdditions.m */,
				BAFB01C5176930B5004685AE /* UIView+GMGridViewAdditions.h */,
				BAFB01C6176930B5004685AE /* UIView+GMGridViewAdditions.m */,
			);
			name = GMGridView;
			sourceTree = "<group>";
		};
/* End PBXGroup section */

/* Begin PBXNativeTarget section */
		BA6FB13A1745C7D9006B7F9A /* VaptVupt */ = {
			isa = PBXNativeTarget;
			buildConfigurationList = BA6FB15E1745C7D9006B7F9A /* Build configuration list for PBXNativeTarget "VaptVupt" */;
			buildPhases = (
				BA6FB1371745C7D9006B7F9A /* Sources */,
				BA6FB1381745C7D9006B7F9A /* Frameworks */,
				BA6FB1391745C7D9006B7F9A /* Resources */,
			);
			buildRules = (
			);
			dependencies = (
			);
			name = VaptVupt;
			productName = VaptVupt;
			productReference = BA6FB13B1745C7D9006B7F9A /* VaptVupt.app */;
			productType = "com.apple.product-type.application";
		};
/* End PBXNativeTarget section */

/* Begin PBXProject section */
		BA6FB1331745C7D8006B7F9A /* Project object */ = {
			isa = PBXProject;
			attributes = {
				LastUpgradeCheck = 0460;
				ORGANIZATIONNAME = Segplan;
				TargetAttributes = {
					BA6FB13A1745C7D9006B7F9A = {
						DevelopmentTeam = NRF9242UFP;
					};
				};
			};
			buildConfigurationList = BA6FB1361745C7D8006B7F9A /* Build configuration list for PBXProject "VaptVupt" */;
			compatibilityVersion = "Xcode 3.2";
			developmentRegion = English;
			hasScannedForEncodings = 0;
			knownRegions = (
				en,
			);
			mainGroup = BA6FB1321745C7D8006B7F9A;
			productRefGroup = BA6FB13C1745C7D9006B7F9A /* Products */;
			projectDirPath = "";
			projectRoot = "";
			targets = (
				BA6FB13A1745C7D9006B7F9A /* VaptVupt */,
			);
		};
/* End PBXProject section */

/* Begin PBXResourcesBuildPhase section */
		BA6FB1391745C7D9006B7F9A /* Resources */ = {
			isa = PBXResourcesBuildPhase;
			buildActionMask = 2147483647;
			files = (
				294E1B8717E1626700821B7A /* icone_app_58_58.png in Resources */,
				BA6FB1491745C7D9006B7F9A /* InfoPlist.strings in Resources */,
				BA6FB1651745C87A006B7F9A /* LoginViewController.xib in Resources */,
				BA2DDAAD174D9BB9001F0085 /* OrgaosViewController.xib in Resources */,
				BA2DDAC2174DA5E4001F0085 /* ServicosViewController.xib in Resources */,
				BA2DDAC7174DA600001F0085 /* ServicoViewController.xib in Resources */,
				BAC37FA0175AC84F00076982 /* SVProgressHUD.bundle in Resources */,
				BA05B879175C11CD0048EE61 /* OrgaoPlaceholder.png in Resources */,
				BA05B87A175C11CD0048EE61 /* OrgaoPlaceholder@2x.png in Resources */,
				BA05B87F175C17F20048EE61 /* reload_button.png in Resources */,
				BA05B880175C17F20048EE61 /* reload_button@2x.png in Resources */,
				294E1B8517E1626700821B7A /* icone_app_29_29.png in Resources */,
				BA05B886175C38070048EE61 /* customcell_background_middle_.png in Resources */,
				BA05B887175C38080048EE61 /* customcell_background_middle.png in Resources */,
				BAFB018C176928D6004685AE /* backgroud_app@2x.png in Resources */,
				294E1B8817E1626700821B7A /* icone_app_80_80.png in Resources */,
				BAFB018D176928D6004685AE /* backround_app.png in Resources */,
				BAFB018E176928D6004685AE /* fundo_meio_app.png in Resources */,
				BAFB018F176928D6004685AE /* fundo_meio_app@2x.png in Resources */,
				BAFB0190176928D6004685AE /* img_fundo_btn_g.png in Resources */,
				BAFB0191176928D6004685AE /* img_fundo_btn_p.png in Resources */,
				294E1B8017E160B900821B7A /* icone_app_120_120.png in Resources */,
				BAFB0192176928D6004685AE /* img_fundo_btp_g@2x.png in Resources */,
				BAFB0193176928D6004685AE /* img_fundo_btp_p@2x.png in Resources */,
				BAFB0194176928D6004685AE /* img_s_icone_app.png in Resources */,
				BAFB0195176928D6004685AE /* img_servico.png in Resources */,
				BAFB0196176928D6004685AE /* img_servico@2x.png in Resources */,
				BAFB0199176928D6004685AE /* rodape_app.png in Resources */,
				BAFB019A176928D6004685AE /* rodape_app@2x.png in Resources */,
				BA0B2D1E178302A0004A99A0 /* Icon.png in Resources */,
				BA0B2D20178302A4004A99A0 /* Icon@2x.png in Resources */,
				BA0B2D22178302AE004A99A0 /* Default.png in Resources */,
				BA0B2D24178302B1004A99A0 /* Default@2x.png in Resources */,
				BA0B2D26178302BD004A99A0 /* Default-568h@2x.png in Resources */,
				BA0B2D2917830309004A99A0 /* topo_app.png in Resources */,
				BA0B2D2A17830309004A99A0 /* topo_app@2x.png in Resources */,
				294E1B8617E1626700821B7A /* icone_app_57_57.png in Resources */,
			);
			runOnlyForDeploymentPostprocessing = 0;
		};
/* End PBXResourcesBuildPhase section */

/* Begin PBXSourcesBuildPhase section */
		BA6FB1371745C7D9006B7F9A /* Sources */ = {
			isa = PBXSourcesBuildPhase;
			buildActionMask = 2147483647;
			files = (
				BA6FB14B1745C7D9006B7F9A /* main.m in Sources */,
				BA6FB14F1745C7D9006B7F9A /* VaptVuptAppDelegate.m in Sources */,
				BA6FB1641745C87A006B7F9A /* LoginViewController.m in Sources */,
				BA2DDAAC174D9BB9001F0085 /* OrgaosViewController.m in Sources */,
				BA2DDAC1174DA5E4001F0085 /* ServicosViewController.m in Sources */,
				BA2DDAC6174DA600001F0085 /* ServicoViewController.m in Sources */,
				BA2DDADC174DA7A2001F0085 /* AFHTTPClient.m in Sources */,
				BA2DDADD174DA7A2001F0085 /* AFHTTPRequestOperation.m in Sources */,
				BA2DDADE174DA7A2001F0085 /* AFImageRequestOperation.m in Sources */,
				BA2DDADF174DA7A2001F0085 /* AFJSONRequestOperation.m in Sources */,
				BA2DDAE0174DA7A2001F0085 /* AFNetworkActivityIndicatorManager.m in Sources */,
				BA2DDAE1174DA7A2001F0085 /* AFPropertyListRequestOperation.m in Sources */,
				BA2DDAE2174DA7A2001F0085 /* AFURLConnectionOperation.m in Sources */,
				BA2DDAE3174DA7A2001F0085 /* AFXMLRequestOperation.m in Sources */,
				BA2DDAE4174DA7A2001F0085 /* UIImageView+AFNetworking.m in Sources */,
				BAC37F95175A93CD00076982 /* LocationManager.m in Sources */,
				BAC37F9A175A9CA900076982 /* SLGlowingTextField.m in Sources */,
				BAC37FA1175AC84F00076982 /* SVProgressHUD.m in Sources */,
				BA05B883175C340C0048EE61 /* NJKWebViewProgress.m in Sources */,
				BAFB01C7176930B5004685AE /* GMGridView.m in Sources */,
				BAFB01C8176930B5004685AE /* GMGridViewCell.m in Sources */,
				BAFB01C9176930B5004685AE /* GMGridViewLayoutStrategies.m in Sources */,
				BAFB01CA176930B5004685AE /* UIGestureRecognizer+GMGridViewAdditions.m in Sources */,
				BAFB01CB176930B5004685AE /* UIView+GMGridViewAdditions.m in Sources */,
				BA1CA14517694EE000444474 /* MMReachabilityViewController.m in Sources */,
				BA1CA14617694EE000444474 /* Reachability.m in Sources */,
			);
			runOnlyForDeploymentPostprocessing = 0;
		};
/* End PBXSourcesBuildPhase section */

/* Begin PBXVariantGroup section */
		BA6FB1471745C7D9006B7F9A /* InfoPlist.strings */ = {
			isa = PBXVariantGroup;
			children = (
				BA6FB1481745C7D9006B7F9A /* en */,
			);
			name = InfoPlist.strings;
			sourceTree = "<group>";
		};
/* End PBXVariantGroup section */

/* Begin XCBuildConfiguration section */
		BA2346B01760B69300F3E1A7 /* Release Ad Hoc */ = {
			isa = XCBuildConfiguration;
			buildSettings = {
				ALWAYS_SEARCH_USER_PATHS = NO;
				CLANG_CXX_LANGUAGE_STANDARD = "gnu++0x";
				CLANG_CXX_LIBRARY = "libc++";
				CLANG_WARN_CONSTANT_CONVERSION = YES;
				CLANG_WARN_EMPTY_BODY = YES;
				CLANG_WARN_ENUM_CONVERSION = YES;
				CLANG_WARN_INT_CONVERSION = YES;
				CLANG_WARN__DUPLICATE_METHOD_MATCH = YES;
				CODE_SIGN_IDENTITY = "iPhone Distribution";
				"CODE_SIGN_IDENTITY[sdk=*]" = "iPhone Distribution";
				COPY_PHASE_STRIP = YES;
				GCC_C_LANGUAGE_STANDARD = gnu99;
				GCC_WARN_ABOUT_RETURN_TYPE = YES;
				GCC_WARN_UNINITIALIZED_AUTOS = YES;
				GCC_WARN_UNUSED_VARIABLE = YES;
				IPHONEOS_DEPLOYMENT_TARGET = 5.0;
				OTHER_CFLAGS = "-DNS_BLOCK_ASSERTIONS=1";
				PROVISIONING_PROFILE = "";
				"PROVISIONING_PROFILE[sdk=*]" = "";
				SDKROOT = iphoneos;
				VALIDATE_PRODUCT = YES;
			};
			name = "Release Ad Hoc";
		};
		BA2346B11760B69300F3E1A7 /* Release Ad Hoc */ = {
			isa = XCBuildConfiguration;
			buildSettings = {
				CODE_SIGN_IDENTITY = "iPhone Developer";
				"CODE_SIGN_IDENTITY[sdk=*]" = "iPhone Developer: Caina Souza (2Q89979T2E)";
				GCC_PRECOMPILE_PREFIX_HEADER = YES;
				GCC_PREFIX_HEADER = "VaptVupt/VaptVupt-Prefix.pch";
				INFOPLIST_FILE = "VaptVupt/VaptVupt-Info.plist";
				IPHONEOS_DEPLOYMENT_TARGET = 5.0;
				PRODUCT_NAME = "$(TARGET_NAME)";
				PROVISIONING_PROFILE = "1091B122-2EFC-47AD-AD5B-7354B090FEF5";
				"PROVISIONING_PROFILE[sdk=*]" = "1091B122-2EFC-47AD-AD5B-7354B090FEF5";
				WRAPPER_EXTENSION = app;
			};
			name = "Release Ad Hoc";
		};
		BA6FB15C1745C7D9006B7F9A /* Debug */ = {
			isa = XCBuildConfiguration;
			buildSettings = {
				ALWAYS_SEARCH_USER_PATHS = NO;
				CLANG_CXX_LANGUAGE_STANDARD = "gnu++0x";
				CLANG_CXX_LIBRARY = "libc++";
				CLANG_WARN_CONSTANT_CONVERSION = YES;
				CLANG_WARN_EMPTY_BODY = YES;
				CLANG_WARN_ENUM_CONVERSION = YES;
				CLANG_WARN_INT_CONVERSION = YES;
				CLANG_WARN__DUPLICATE_METHOD_MATCH = YES;
				"CODE_SIGN_IDENTITY[sdk=iphoneos*]" = "iPhone Developer";
				COPY_PHASE_STRIP = NO;
				GCC_C_LANGUAGE_STANDARD = gnu99;
				GCC_DYNAMIC_NO_PIC = NO;
				GCC_OPTIMIZATION_LEVEL = 0;
				GCC_PREPROCESSOR_DEFINITIONS = (
					"DEBUG=1",
					"$(inherited)",
				);
				GCC_SYMBOLS_PRIVATE_EXTERN = NO;
				GCC_WARN_ABOUT_RETURN_TYPE = YES;
				GCC_WARN_UNINITIALIZED_AUTOS = YES;
				GCC_WARN_UNUSED_VARIABLE = YES;
				IPHONEOS_DEPLOYMENT_TARGET = 5.0;
				ONLY_ACTIVE_ARCH = YES;
				SDKROOT = iphoneos;
			};
			name = Debug;
		};
		BA6FB15D1745C7D9006B7F9A /* Release */ = {
			isa = XCBuildConfiguration;
			buildSettings = {
				ALWAYS_SEARCH_USER_PATHS = NO;
				CLANG_CXX_LANGUAGE_STANDARD = "gnu++0x";
				CLANG_CXX_LIBRARY = "libc++";
				CLANG_WARN_CONSTANT_CONVERSION = YES;
				CLANG_WARN_EMPTY_BODY = YES;
				CLANG_WARN_ENUM_CONVERSION = YES;
				CLANG_WARN_INT_CONVERSION = YES;
				CLANG_WARN__DUPLICATE_METHOD_MATCH = YES;
				"CODE_SIGN_IDENTITY[sdk=iphoneos*]" = "iPhone Developer";
				COPY_PHASE_STRIP = YES;
				GCC_C_LANGUAGE_STANDARD = gnu99;
				GCC_WARN_ABOUT_RETURN_TYPE = YES;
				GCC_WARN_UNINITIALIZED_AUTOS = YES;
				GCC_WARN_UNUSED_VARIABLE = YES;
				IPHONEOS_DEPLOYMENT_TARGET = 5.0;
				OTHER_CFLAGS = "-DNS_BLOCK_ASSERTIONS=1";
				SDKROOT = iphoneos;
				VALIDATE_PRODUCT = YES;
			};
			name = Release;
		};
		BA6FB15F1745C7D9006B7F9A /* Debug */ = {
			isa = XCBuildConfiguration;
			buildSettings = {
				CODE_SIGN_IDENTITY = "iPhone Developer";
				GCC_PRECOMPILE_PREFIX_HEADER = YES;
				GCC_PREFIX_HEADER = "VaptVupt/VaptVupt-Prefix.pch";
				INFOPLIST_FILE = "VaptVupt/VaptVupt-Info.plist";
				IPHONEOS_DEPLOYMENT_TARGET = 5.0;
				PRODUCT_NAME = "$(TARGET_NAME)";
				WRAPPER_EXTENSION = app;
			};
			name = Debug;
		};
		BA6FB1601745C7D9006B7F9A /* Release */ = {
			isa = XCBuildConfiguration;
			buildSettings = {
				CODE_SIGN_IDENTITY = "iPhone Developer";
				GCC_PRECOMPILE_PREFIX_HEADER = YES;
				GCC_PREFIX_HEADER = "VaptVupt/VaptVupt-Prefix.pch";
				INFOPLIST_FILE = "VaptVupt/VaptVupt-Info.plist";
				IPHONEOS_DEPLOYMENT_TARGET = 5.0;
				PRODUCT_NAME = "$(TARGET_NAME)";
				WRAPPER_EXTENSION = app;
			};
			name = Release;
		};
/* End XCBuildConfiguration section */

/* Begin XCConfigurationList section */
		BA6FB1361745C7D8006B7F9A /* Build configuration list for PBXProject "VaptVupt" */ = {
			isa = XCConfigurationList;
			buildConfigurations = (
				BA6FB15C1745C7D9006B7F9A /* Debug */,
				BA6FB15D1745C7D9006B7F9A /* Release */,
				BA2346B01760B69300F3E1A7 /* Release Ad Hoc */,
			);
			defaultConfigurationIsVisible = 0;
			defaultConfigurationName = Release;
		};
		BA6FB15E1745C7D9006B7F9A /* Build configuration list for PBXNativeTarget "VaptVupt" */ = {
			isa = XCConfigurationList;
			buildConfigurations = (
				BA6FB15F1745C7D9006B7F9A /* Debug */,
				BA6FB1601745C7D9006B7F9A /* Release */,
				BA2346B11760B69300F3E1A7 /* Release Ad Hoc */,
			);
			defaultConfigurationIsVisible = 0;
			defaultConfigurationName = Release;
		};
/* End XCConfigurationList section */
	};
	rootObject = BA6FB1331745C7D8006B7F9A /* Project object */;
}
